// !$*UTF8*$!
{
	archiveVersion = 1;
	classes = {
	};
	objectVersion = 77;
	objects = {

/* Begin PBXBuildFile section */
		EBD433412DD3954A00D19A3D /* WidgetKit.framework in Frameworks */ = {isa = PBXBuildFile; fileRef = EBD433402DD3954A00D19A3D /* WidgetKit.framework */; };
		EBD433432DD3954A00D19A3D /* SwiftUI.framework in Frameworks */ = {isa = PBXBuildFile; fileRef = EBD433422DD3954A00D19A3D /* SwiftUI.framework */; };
		EBD433522DD3954B00D19A3D /* ArriveAtADAExtension.appex in Embed Foundation Extensions */ = {isa = PBXBuildFile; fileRef = EBD4333E2DD3954A00D19A3D /* ArriveAtADAExtension.appex */; settings = {ATTRIBUTES = (RemoveHeadersOnCopy, ); }; };
/* End PBXBuildFile section */

/* Begin PBXContainerItemProxy section */
		EBD433502DD3954B00D19A3D /* PBXContainerItemProxy */ = {
			isa = PBXContainerItemProxy;
			containerPortal = EB4614262DC913EB005582D9 /* Project object */;
			proxyType = 1;
			remoteGlobalIDString = EBD4333D2DD3954A00D19A3D;
			remoteInfo = ArriveAtADAExtension;
		};
/* End PBXContainerItemProxy section */

/* Begin PBXCopyFilesBuildPhase section */
		EBD433572DD3954B00D19A3D /* Embed Foundation Extensions */ = {
			isa = PBXCopyFilesBuildPhase;
			buildActionMask = 2147483647;
			dstPath = "";
			dstSubfolderSpec = 13;
			files = (
				EBD433522DD3954B00D19A3D /* ArriveAtADAExtension.appex in Embed Foundation Extensions */,
			);
			name = "Embed Foundation Extensions";
			runOnlyForDeploymentPostprocessing = 0;
		};
/* End PBXCopyFilesBuildPhase section */

/* Begin PBXFileReference section */
		EB46142E2DC913EB005582D9 /* AMplifyV2.app */ = {isa = PBXFileReference; explicitFileType = wrapper.application; includeInIndex = 0; path = AMplifyV2.app; sourceTree = BUILT_PRODUCTS_DIR; };
		EBD4333E2DD3954A00D19A3D /* ArriveAtADAExtension.appex */ = {isa = PBXFileReference; explicitFileType = "wrapper.app-extension"; includeInIndex = 0; path = ArriveAtADAExtension.appex; sourceTree = BUILT_PRODUCTS_DIR; };
		EBD433402DD3954A00D19A3D /* WidgetKit.framework */ = {isa = PBXFileReference; lastKnownFileType = wrapper.framework; name = WidgetKit.framework; path = System/Library/Frameworks/WidgetKit.framework; sourceTree = SDKROOT; };
		EBD433422DD3954A00D19A3D /* SwiftUI.framework */ = {isa = PBXFileReference; lastKnownFileType = wrapper.framework; name = SwiftUI.framework; path = System/Library/Frameworks/SwiftUI.framework; sourceTree = SDKROOT; };
		EBD4335F2DD39BA800D19A3D /* ActivityKit.framework */ = {isa = PBXFileReference; lastKnownFileType = wrapper.framework; name = ActivityKit.framework; path = System/Library/Frameworks/ActivityKit.framework; sourceTree = SDKROOT; };
/* End PBXFileReference section */

/* Begin PBXFileSystemSynchronizedBuildFileExceptionSet section */
		EBCD54B32DCE711900073FCB /* Exceptions for "AMplifyV2" folder in "AMplifyV2" target */ = {
			isa = PBXFileSystemSynchronizedBuildFileExceptionSet;
			membershipExceptions = (
				Info.plist,
			);
			target = EB46142D2DC913EB005582D9 /* AMplifyV2 */;
		};
		EBD433562DD3954B00D19A3D /* Exceptions for "ArriveAtADA" folder in "ArriveAtADAExtension" target */ = {
			isa = PBXFileSystemSynchronizedBuildFileExceptionSet;
			membershipExceptions = (
				Info.plist,
			);
			target = EBD4333D2DD3954A00D19A3D /* ArriveAtADAExtension */;
		};
		EBD4335B2DD396C200D19A3D /* Exceptions for "AMplifyV2" folder in "ArriveAtADAExtension" target */ = {
			isa = PBXFileSystemSynchronizedBuildFileExceptionSet;
			membershipExceptions = (
				Assets.xcassets,
				"Extensions/Color&LinearGradient.swift",
				Helper/IOHelper.swift,
				Manager/LiveActivityManager.swift,
				Model/ArriveAtADAAttributes.swift,
			);
			target = EBD4333D2DD3954A00D19A3D /* ArriveAtADAExtension */;
		};
/* End PBXFileSystemSynchronizedBuildFileExceptionSet section */

/* Begin PBXFileSystemSynchronizedRootGroup section */
		EB4614302DC913EB005582D9 /* AMplifyV2 */ = {
			isa = PBXFileSystemSynchronizedRootGroup;
			exceptions = (
				EBCD54B32DCE711900073FCB /* Exceptions for "AMplifyV2" folder in "AMplifyV2" target */,
				EBD4335B2DD396C200D19A3D /* Exceptions for "AMplifyV2" folder in "ArriveAtADAExtension" target */,
			);
			path = AMplifyV2;
			sourceTree = "<group>";
		};
		EBD433442DD3954A00D19A3D /* ArriveAtADA */ = {
			isa = PBXFileSystemSynchronizedRootGroup;
			exceptions = (
				EBD433562DD3954B00D19A3D /* Exceptions for "ArriveAtADA" folder in "ArriveAtADAExtension" target */,
			);
			path = ArriveAtADA;
			sourceTree = "<group>";
		};
/* End PBXFileSystemSynchronizedRootGroup section */

/* Begin PBXFrameworksBuildPhase section */
		EB46142B2DC913EB005582D9 /* Frameworks */ = {
			isa = PBXFrameworksBuildPhase;
			buildActionMask = 2147483647;
			files = (
			);
			runOnlyForDeploymentPostprocessing = 0;
		};
		EBD4333B2DD3954A00D19A3D /* Frameworks */ = {
			isa = PBXFrameworksBuildPhase;
			buildActionMask = 2147483647;
			files = (
				EBD433432DD3954A00D19A3D /* SwiftUI.framework in Frameworks */,
				EBD433412DD3954A00D19A3D /* WidgetKit.framework in Frameworks */,
			);
			runOnlyForDeploymentPostprocessing = 0;
		};
/* End PBXFrameworksBuildPhase section */

/* Begin PBXGroup section */
		EB4614252DC913EB005582D9 = {
			isa = PBXGroup;
			children = (
				EB4614302DC913EB005582D9 /* AMplifyV2 */,
				EBD433442DD3954A00D19A3D /* ArriveAtADA */,
				EBD4333F2DD3954A00D19A3D /* Frameworks */,
				EB46142F2DC913EB005582D9 /* Products */,
			);
			sourceTree = "<group>";
		};
		EB46142F2DC913EB005582D9 /* Products */ = {
			isa = PBXGroup;
			children = (
				EB46142E2DC913EB005582D9 /* AMplifyV2.app */,
				EBD4333E2DD3954A00D19A3D /* ArriveAtADAExtension.appex */,
			);
			name = Products;
			sourceTree = "<group>";
		};
		EBD4333F2DD3954A00D19A3D /* Frameworks */ = {
			isa = PBXGroup;
			children = (
				EBD4335F2DD39BA800D19A3D /* ActivityKit.framework */,
				EBD433402DD3954A00D19A3D /* WidgetKit.framework */,
				EBD433422DD3954A00D19A3D /* SwiftUI.framework */,
			);
			name = Frameworks;
			sourceTree = "<group>";
		};
/* End PBXGroup section */

/* Begin PBXNativeTarget section */
		EB46142D2DC913EB005582D9 /* AMplifyV2 */ = {
			isa = PBXNativeTarget;
			buildConfigurationList = EB46143B2DC913EC005582D9 /* Build configuration list for PBXNativeTarget "AMplifyV2" */;
			buildPhases = (
				EB46142A2DC913EB005582D9 /* Sources */,
				EB46142B2DC913EB005582D9 /* Frameworks */,
				EB46142C2DC913EB005582D9 /* Resources */,
				EBD433572DD3954B00D19A3D /* Embed Foundation Extensions */,
			);
			buildRules = (
			);
			dependencies = (
				EBD433512DD3954B00D19A3D /* PBXTargetDependency */,
			);
			fileSystemSynchronizedGroups = (
				EB4614302DC913EB005582D9 /* AMplifyV2 */,
			);
			name = AMplifyV2;
			packageProductDependencies = (
			);
			productName = AMplifyV2;
			productReference = EB46142E2DC913EB005582D9 /* AMplifyV2.app */;
			productType = "com.apple.product-type.application";
		};
		EBD4333D2DD3954A00D19A3D /* ArriveAtADAExtension */ = {
			isa = PBXNativeTarget;
			buildConfigurationList = EBD433532DD3954B00D19A3D /* Build configuration list for PBXNativeTarget "ArriveAtADAExtension" */;
			buildPhases = (
				EBD4333A2DD3954A00D19A3D /* Sources */,
				EBD4333B2DD3954A00D19A3D /* Frameworks */,
				EBD4333C2DD3954A00D19A3D /* Resources */,
			);
			buildRules = (
			);
			dependencies = (
			);
			fileSystemSynchronizedGroups = (
				EBD433442DD3954A00D19A3D /* ArriveAtADA */,
			);
			name = ArriveAtADAExtension;
			packageProductDependencies = (
			);
			productName = ArriveAtADAExtension;
			productReference = EBD4333E2DD3954A00D19A3D /* ArriveAtADAExtension.appex */;
			productType = "com.apple.product-type.app-extension";
		};
/* End PBXNativeTarget section */

/* Begin PBXProject section */
		EB4614262DC913EB005582D9 /* Project object */ = {
			isa = PBXProject;
			attributes = {
				BuildIndependentTargetsInParallel = 1;
				LastSwiftUpdateCheck = 1630;
				LastUpgradeCheck = 1630;
				TargetAttributes = {
					EB46142D2DC913EB005582D9 = {
						CreatedOnToolsVersion = 16.3;
					};
					EBD4333D2DD3954A00D19A3D = {
						CreatedOnToolsVersion = 16.3;
					};
				};
			};
			buildConfigurationList = EB4614292DC913EB005582D9 /* Build configuration list for PBXProject "AMplifyV2" */;
			developmentRegion = en;
			hasScannedForEncodings = 0;
			knownRegions = (
				en,
				Base,
			);
			mainGroup = EB4614252DC913EB005582D9;
			minimizedProjectReferenceProxies = 1;
			preferredProjectObjectVersion = 77;
			productRefGroup = EB46142F2DC913EB005582D9 /* Products */;
			projectDirPath = "";
			projectRoot = "";
			targets = (
				EB46142D2DC913EB005582D9 /* AMplifyV2 */,
				EBD4333D2DD3954A00D19A3D /* ArriveAtADAExtension */,
			);
		};
/* End PBXProject section */

/* Begin PBXResourcesBuildPhase section */
		EB46142C2DC913EB005582D9 /* Resources */ = {
			isa = PBXResourcesBuildPhase;
			buildActionMask = 2147483647;
			files = (
			);
			runOnlyForDeploymentPostprocessing = 0;
		};
		EBD4333C2DD3954A00D19A3D /* Resources */ = {
			isa = PBXResourcesBuildPhase;
			buildActionMask = 2147483647;
			files = (
			);
			runOnlyForDeploymentPostprocessing = 0;
		};
/* End PBXResourcesBuildPhase section */

/* Begin PBXSourcesBuildPhase section */
		EB46142A2DC913EB005582D9 /* Sources */ = {
			isa = PBXSourcesBuildPhase;
			buildActionMask = 2147483647;
			files = (
			);
			runOnlyForDeploymentPostprocessing = 0;
		};
		EBD4333A2DD3954A00D19A3D /* Sources */ = {
			isa = PBXSourcesBuildPhase;
			buildActionMask = 2147483647;
			files = (
			);
			runOnlyForDeploymentPostprocessing = 0;
		};
/* End PBXSourcesBuildPhase section */

/* Begin PBXTargetDependency section */
		EBD433512DD3954B00D19A3D /* PBXTargetDependency */ = {
			isa = PBXTargetDependency;
			target = EBD4333D2DD3954A00D19A3D /* ArriveAtADAExtension */;
			targetProxy = EBD433502DD3954B00D19A3D /* PBXContainerItemProxy */;
		};
/* End PBXTargetDependency section */

/* Begin XCBuildConfiguration section */
		EB4614392DC913EC005582D9 /* Debug */ = {
			isa = XCBuildConfiguration;
			buildSettings = {
				ALWAYS_SEARCH_USER_PATHS = NO;
				ASSETCATALOG_COMPILER_GENERATE_SWIFT_ASSET_SYMBOL_EXTENSIONS = YES;
				CLANG_ANALYZER_NONNULL = YES;
				CLANG_ANALYZER_NUMBER_OBJECT_CONVERSION = YES_AGGRESSIVE;
				CLANG_CXX_LANGUAGE_STANDARD = "gnu++20";
				CLANG_ENABLE_MODULES = YES;
				CLANG_ENABLE_OBJC_ARC = YES;
				CLANG_ENABLE_OBJC_WEAK = YES;
				CLANG_WARN_BLOCK_CAPTURE_AUTORELEASING = YES;
				CLANG_WARN_BOOL_CONVERSION = YES;
				CLANG_WARN_COMMA = YES;
				CLANG_WARN_CONSTANT_CONVERSION = YES;
				CLANG_WARN_DEPRECATED_OBJC_IMPLEMENTATIONS = YES;
				CLANG_WARN_DIRECT_OBJC_ISA_USAGE = YES_ERROR;
				CLANG_WARN_DOCUMENTATION_COMMENTS = YES;
				CLANG_WARN_EMPTY_BODY = YES;
				CLANG_WARN_ENUM_CONVERSION = YES;
				CLANG_WARN_INFINITE_RECURSION = YES;
				CLANG_WARN_INT_CONVERSION = YES;
				CLANG_WARN_NON_LITERAL_NULL_CONVERSION = YES;
				CLANG_WARN_OBJC_IMPLICIT_RETAIN_SELF = YES;
				CLANG_WARN_OBJC_LITERAL_CONVERSION = YES;
				CLANG_WARN_OBJC_ROOT_CLASS = YES_ERROR;
				CLANG_WARN_QUOTED_INCLUDE_IN_FRAMEWORK_HEADER = YES;
				CLANG_WARN_RANGE_LOOP_ANALYSIS = YES;
				CLANG_WARN_STRICT_PROTOTYPES = YES;
				CLANG_WARN_SUSPICIOUS_MOVE = YES;
				CLANG_WARN_UNGUARDED_AVAILABILITY = YES_AGGRESSIVE;
				CLANG_WARN_UNREACHABLE_CODE = YES;
				CLANG_WARN__DUPLICATE_METHOD_MATCH = YES;
				COPY_PHASE_STRIP = NO;
				DEBUG_INFORMATION_FORMAT = dwarf;
				DEVELOPMENT_TEAM = 3N5KK4M42R;
				ENABLE_STRICT_OBJC_MSGSEND = YES;
				ENABLE_TESTABILITY = YES;
				ENABLE_USER_SCRIPT_SANDBOXING = YES;
				GCC_C_LANGUAGE_STANDARD = gnu17;
				GCC_DYNAMIC_NO_PIC = NO;
				GCC_NO_COMMON_BLOCKS = YES;
				GCC_OPTIMIZATION_LEVEL = 0;
				GCC_PREPROCESSOR_DEFINITIONS = (
					"DEBUG=1",
					"$(inherited)",
				);
				GCC_WARN_64_TO_32_BIT_CONVERSION = YES;
				GCC_WARN_ABOUT_RETURN_TYPE = YES_ERROR;
				GCC_WARN_UNDECLARED_SELECTOR = YES;
				GCC_WARN_UNINITIALIZED_AUTOS = YES_AGGRESSIVE;
				GCC_WARN_UNUSED_FUNCTION = YES;
				GCC_WARN_UNUSED_VARIABLE = YES;
				IPHONEOS_DEPLOYMENT_TARGET = 18.4;
				LOCALIZATION_PREFERS_STRING_CATALOGS = YES;
				MTL_ENABLE_DEBUG_INFO = INCLUDE_SOURCE;
				MTL_FAST_MATH = YES;
				ONLY_ACTIVE_ARCH = YES;
				SDKROOT = iphoneos;
				SWIFT_ACTIVE_COMPILATION_CONDITIONS = "DEBUG $(inherited)";
				SWIFT_OPTIMIZATION_LEVEL = "-Onone";
			};
			name = Debug;
		};
		EB46143A2DC913EC005582D9 /* Release */ = {
			isa = XCBuildConfiguration;
			buildSettings = {
				ALWAYS_SEARCH_USER_PATHS = NO;
				ASSETCATALOG_COMPILER_GENERATE_SWIFT_ASSET_SYMBOL_EXTENSIONS = YES;
				CLANG_ANALYZER_NONNULL = YES;
				CLANG_ANALYZER_NUMBER_OBJECT_CONVERSION = YES_AGGRESSIVE;
				CLANG_CXX_LANGUAGE_STANDARD = "gnu++20";
				CLANG_ENABLE_MODULES = YES;
				CLANG_ENABLE_OBJC_ARC = YES;
				CLANG_ENABLE_OBJC_WEAK = YES;
				CLANG_WARN_BLOCK_CAPTURE_AUTORELEASING = YES;
				CLANG_WARN_BOOL_CONVERSION = YES;
				CLANG_WARN_COMMA = YES;
				CLANG_WARN_CONSTANT_CONVERSION = YES;
				CLANG_WARN_DEPRECATED_OBJC_IMPLEMENTATIONS = YES;
				CLANG_WARN_DIRECT_OBJC_ISA_USAGE = YES_ERROR;
				CLANG_WARN_DOCUMENTATION_COMMENTS = YES;
				CLANG_WARN_EMPTY_BODY = YES;
				CLANG_WARN_ENUM_CONVERSION = YES;
				CLANG_WARN_INFINITE_RECURSION = YES;
				CLANG_WARN_INT_CONVERSION = YES;
				CLANG_WARN_NON_LITERAL_NULL_CONVERSION = YES;
				CLANG_WARN_OBJC_IMPLICIT_RETAIN_SELF = YES;
				CLANG_WARN_OBJC_LITERAL_CONVERSION = YES;
				CLANG_WARN_OBJC_ROOT_CLASS = YES_ERROR;
				CLANG_WARN_QUOTED_INCLUDE_IN_FRAMEWORK_HEADER = YES;
				CLANG_WARN_RANGE_LOOP_ANALYSIS = YES;
				CLANG_WARN_STRICT_PROTOTYPES = YES;
				CLANG_WARN_SUSPICIOUS_MOVE = YES;
				CLANG_WARN_UNGUARDED_AVAILABILITY = YES_AGGRESSIVE;
				CLANG_WARN_UNREACHABLE_CODE = YES;
				CLANG_WARN__DUPLICATE_METHOD_MATCH = YES;
				COPY_PHASE_STRIP = NO;
				DEBUG_INFORMATION_FORMAT = "dwarf-with-dsym";
				DEVELOPMENT_TEAM = 3N5KK4M42R;
				ENABLE_NS_ASSERTIONS = NO;
				ENABLE_STRICT_OBJC_MSGSEND = YES;
				ENABLE_USER_SCRIPT_SANDBOXING = YES;
				GCC_C_LANGUAGE_STANDARD = gnu17;
				GCC_NO_COMMON_BLOCKS = YES;
				GCC_WARN_64_TO_32_BIT_CONVERSION = YES;
				GCC_WARN_ABOUT_RETURN_TYPE = YES_ERROR;
				GCC_WARN_UNDECLARED_SELECTOR = YES;
				GCC_WARN_UNINITIALIZED_AUTOS = YES_AGGRESSIVE;
				GCC_WARN_UNUSED_FUNCTION = YES;
				GCC_WARN_UNUSED_VARIABLE = YES;
				IPHONEOS_DEPLOYMENT_TARGET = 18.4;
				LOCALIZATION_PREFERS_STRING_CATALOGS = YES;
				MTL_ENABLE_DEBUG_INFO = NO;
				MTL_FAST_MATH = YES;
				SDKROOT = iphoneos;
				SWIFT_COMPILATION_MODE = wholemodule;
				VALIDATE_PRODUCT = YES;
			};
			name = Release;
		};
		EB46143C2DC913EC005582D9 /* Debug */ = {
			isa = XCBuildConfiguration;
			buildSettings = {
				ASSETCATALOG_COMPILER_APPICON_NAME = AppIcon;
				ASSETCATALOG_COMPILER_GLOBAL_ACCENT_COLOR_NAME = AccentColor;
				CODE_SIGN_STYLE = Automatic;
				CURRENT_PROJECT_VERSION = 1;
				DEVELOPMENT_TEAM = 3N5KK4M42R;
				ENABLE_PREVIEWS = YES;
				GENERATE_INFOPLIST_FILE = YES;
				INFOPLIST_FILE = AMplifyV2/Info.plist;
				INFOPLIST_KEY_CFBundleDisplayName = AMplify;
				INFOPLIST_KEY_LSApplicationCategoryType = "public.app-category.productivity";
				INFOPLIST_KEY_NSLocationAlwaysAndWhenInUseUsageDescription = "We use this to locate the distance in relation to the Apple Developer Academy";
				INFOPLIST_KEY_NSLocationAlwaysUsageDescription = "We use this to locate the distance in relation to the Apple Developer Academy";
				INFOPLIST_KEY_NSLocationWhenInUseUsageDescription = "We use this to locate the distance in relation to the Apple Developer Academy";
				INFOPLIST_KEY_UIApplicationSceneManifest_Generation = YES;
				INFOPLIST_KEY_UIApplicationSupportsIndirectInputEvents = YES;
				INFOPLIST_KEY_UILaunchScreen_Generation = YES;
				INFOPLIST_KEY_UISupportedInterfaceOrientations_iPad = "UIInterfaceOrientationPortrait UIInterfaceOrientationPortraitUpsideDown UIInterfaceOrientationLandscapeLeft UIInterfaceOrientationLandscapeRight";
				INFOPLIST_KEY_UISupportedInterfaceOrientations_iPhone = "UIInterfaceOrientationPortrait UIInterfaceOrientationLandscapeLeft UIInterfaceOrientationLandscapeRight";
				LD_RUNPATH_SEARCH_PATHS = (
					"$(inherited)",
					"@executable_path/Frameworks",
				);
				MARKETING_VERSION = 1.0;
				PRODUCT_BUNDLE_IDENTIFIER = AppleDeveloperAcademy.AMplifyV2;
				PRODUCT_NAME = "$(TARGET_NAME)";
				SWIFT_EMIT_LOC_STRINGS = YES;
				SWIFT_VERSION = 5.0;
				TARGETED_DEVICE_FAMILY = "1,2";
			};
			name = Debug;
		};
		EB46143D2DC913EC005582D9 /* Release */ = {
			isa = XCBuildConfiguration;
			buildSettings = {
				ASSETCATALOG_COMPILER_APPICON_NAME = AppIcon;
				ASSETCATALOG_COMPILER_GLOBAL_ACCENT_COLOR_NAME = AccentColor;
				CODE_SIGN_STYLE = Automatic;
				CURRENT_PROJECT_VERSION = 1;
				DEVELOPMENT_TEAM = 3N5KK4M42R;
				ENABLE_PREVIEWS = YES;
				GENERATE_INFOPLIST_FILE = YES;
				INFOPLIST_FILE = AMplifyV2/Info.plist;
				INFOPLIST_KEY_CFBundleDisplayName = AMplify;
				INFOPLIST_KEY_LSApplicationCategoryType = "public.app-category.productivity";
				INFOPLIST_KEY_NSLocationAlwaysAndWhenInUseUsageDescription = "We use this to locate the distance in relation to the Apple Developer Academy";
				INFOPLIST_KEY_NSLocationAlwaysUsageDescription = "We use this to locate the distance in relation to the Apple Developer Academy";
				INFOPLIST_KEY_NSLocationWhenInUseUsageDescription = "We use this to locate the distance in relation to the Apple Developer Academy";
				INFOPLIST_KEY_UIApplicationSceneManifest_Generation = YES;
				INFOPLIST_KEY_UIApplicationSupportsIndirectInputEvents = YES;
				INFOPLIST_KEY_UILaunchScreen_Generation = YES;
				INFOPLIST_KEY_UISupportedInterfaceOrientations_iPad = "UIInterfaceOrientationPortrait UIInterfaceOrientationPortraitUpsideDown UIInterfaceOrientationLandscapeLeft UIInterfaceOrientationLandscapeRight";
				INFOPLIST_KEY_UISupportedInterfaceOrientations_iPhone = "UIInterfaceOrientationPortrait UIInterfaceOrientationLandscapeLeft UIInterfaceOrientationLandscapeRight";
				LD_RUNPATH_SEARCH_PATHS = (
					"$(inherited)",
					"@executable_path/Frameworks",
				);
				MARKETING_VERSION = 1.0;
				PRODUCT_BUNDLE_IDENTIFIER = AppleDeveloperAcademy.AMplifyV2;
				PRODUCT_NAME = "$(TARGET_NAME)";
				SWIFT_EMIT_LOC_STRINGS = YES;
				SWIFT_VERSION = 5.0;
				TARGETED_DEVICE_FAMILY = "1,2";
			};
			name = Release;
		};
		EBD433542DD3954B00D19A3D /* Debug */ = {
			isa = XCBuildConfiguration;
			buildSettings = {
				ASSETCATALOG_COMPILER_GLOBAL_ACCENT_COLOR_NAME = AccentColor;
				ASSETCATALOG_COMPILER_WIDGET_BACKGROUND_COLOR_NAME = WidgetBackground;
				CODE_SIGN_STYLE = Automatic;
				CURRENT_PROJECT_VERSION = 1;
				DEVELOPMENT_TEAM = 3N5KK4M42R;
				GENERATE_INFOPLIST_FILE = YES;
				INFOPLIST_FILE = ArriveAtADA/Info.plist;
				INFOPLIST_KEY_CFBundleDisplayName = ArriveAtADA;
				INFOPLIST_KEY_NSHumanReadableCopyright = "";
				LD_RUNPATH_SEARCH_PATHS = (
					"$(inherited)",
					"@executable_path/Frameworks",
					"@executable_path/../../Frameworks",
				);
				MARKETING_VERSION = 1.0;
				PRODUCT_BUNDLE_IDENTIFIER = AppleDeveloperAcademy.AMplifyV2.ArriveAtADA;
				PRODUCT_NAME = "$(TARGET_NAME)";
				SKIP_INSTALL = YES;
				SWIFT_EMIT_LOC_STRINGS = YES;
				SWIFT_VERSION = 5.0;
				TARGETED_DEVICE_FAMILY = "1,2";
			};
			name = Debug;
		};
		EBD433552DD3954B00D19A3D /* Release */ = {
			isa = XCBuildConfiguration;
			buildSettings = {
				ASSETCATALOG_COMPILER_GLOBAL_ACCENT_COLOR_NAME = AccentColor;
				ASSETCATALOG_COMPILER_WIDGET_BACKGROUND_COLOR_NAME = WidgetBackground;
				CODE_SIGN_STYLE = Automatic;
				CURRENT_PROJECT_VERSION = 1;
				DEVELOPMENT_TEAM = 3N5KK4M42R;
				GENERATE_INFOPLIST_FILE = YES;
				INFOPLIST_FILE = ArriveAtADA/Info.plist;
				INFOPLIST_KEY_CFBundleDisplayName = ArriveAtADA;
				INFOPLIST_KEY_NSHumanReadableCopyright = "";
				LD_RUNPATH_SEARCH_PATHS = (
					"$(inherited)",
					"@executable_path/Frameworks",
					"@executable_path/../../Frameworks",
				);
				MARKETING_VERSION = 1.0;
				PRODUCT_BUNDLE_IDENTIFIER = AppleDeveloperAcademy.AMplifyV2.ArriveAtADA;
				PRODUCT_NAME = "$(TARGET_NAME)";
				SKIP_INSTALL = YES;
				SWIFT_EMIT_LOC_STRINGS = YES;
				SWIFT_VERSION = 5.0;
				TARGETED_DEVICE_FAMILY = "1,2";
			};
			name = Release;
		};
/* End XCBuildConfiguration section */

/* Begin XCConfigurationList section */
		EB4614292DC913EB005582D9 /* Build configuration list for PBXProject "AMplifyV2" */ = {
			isa = XCConfigurationList;
			buildConfigurations = (
				EB4614392DC913EC005582D9 /* Debug */,
				EB46143A2DC913EC005582D9 /* Release */,
			);
			defaultConfigurationIsVisible = 0;
			defaultConfigurationName = Release;
		};
		EB46143B2DC913EC005582D9 /* Build configuration list for PBXNativeTarget "AMplifyV2" */ = {
			isa = XCConfigurationList;
			buildConfigurations = (
				EB46143C2DC913EC005582D9 /* Debug */,
				EB46143D2DC913EC005582D9 /* Release */,
			);
			defaultConfigurationIsVisible = 0;
			defaultConfigurationName = Release;
		};
		EBD433532DD3954B00D19A3D /* Build configuration list for PBXNativeTarget "ArriveAtADAExtension" */ = {
			isa = XCConfigurationList;
			buildConfigurations = (
				EBD433542DD3954B00D19A3D /* Debug */,
				EBD433552DD3954B00D19A3D /* Release */,
			);
			defaultConfigurationIsVisible = 0;
			defaultConfigurationName = Release;
		};
/* End XCConfigurationList section */
	};
	rootObject = EB4614262DC913EB005582D9 /* Project object */;
}
